
Microsoft Visual Studio Solution File, Format Version 12.00
# Visual Studio 14
VisualStudioVersion = 14.0.25123.0
MinimumVisualStudioVersion = 10.0.40219.1
Project("{FAE04EC0-301F-11D3-BF4B-00C04F79EFBC}") = "BraspagHackathon.TimeZado", "BraspagHackathon.TimeZado\BraspagHackathon.TimeZado.csproj", "{55603128-D476-4CBE-9634-93BEA65478CD}"
EndProject
Project("{FAE04EC0-301F-11D3-BF4B-00C04F79EFBC}") = "BraspagHackathon.TimeZado.Services", "BraspagHackaton.TimeZado.Services\BraspagHackathon.TimeZado.Services.csproj", "{5CB9B057-A61B-4F2B-B6F2-BCA8C8B1F47F}"
EndProject
Project("{FAE04EC0-301F-11D3-BF4B-00C04F79EFBC}") = "BraspagHackathon.TimeZado.Model", "BraspagHackaton.TimeZado.Model\BraspagHackathon.TimeZado.Model.csproj", "{1D4947E5-58AA-4336-B3FF-E31CE09D44BD}"
EndProject
Project("{FAE04EC0-301F-11D3-BF4B-00C04F79EFBC}") = "BraspagHackathon.TimeZado.Extensions", "BraspagHackathon.TimeZado.Extensions\BraspagHackathon.TimeZado.Extensions.csproj", "{723EA276-4106-4897-A5A5-73530B9C6AD4}"
EndProject
Global
	GlobalSection(SolutionConfigurationPlatforms) = preSolution
		Debug|Any CPU = Debug|Any CPU
		Release|Any CPU = Release|Any CPU
	EndGlobalSection
	GlobalSection(ProjectConfigurationPlatforms) = postSolution
		{55603128-D476-4CBE-9634-93BEA65478CD}.Debug|Any CPU.ActiveCfg = Debug|Any CPU
		{55603128-D476-4CBE-9634-93BEA65478CD}.Debug|Any CPU.Build.0 = Debug|Any CPU
		{55603128-D476-4CBE-9634-93BEA65478CD}.Debug|Any CPU.Deploy.0 = Debug|Any CPU
		{55603128-D476-4CBE-9634-93BEA65478CD}.Release|Any CPU.ActiveCfg = Release|Any CPU
		{55603128-D476-4CBE-9634-93BEA65478CD}.Release|Any CPU.Build.0 = Release|Any CPU
		{55603128-D476-4CBE-9634-93BEA65478CD}.Release|Any CPU.Deploy.0 = Release|Any CPU
		{5CB9B057-A61B-4F2B-B6F2-BCA8C8B1F47F}.Debug|Any CPU.ActiveCfg = Debug|Any CPU
		{5CB9B057-A61B-4F2B-B6F2-BCA8C8B1F47F}.Debug|Any CPU.Build.0 = Debug|Any CPU
		{5CB9B057-A61B-4F2B-B6F2-BCA8C8B1F47F}.Release|Any CPU.ActiveCfg = Release|Any CPU
		{5CB9B057-A61B-4F2B-B6F2-BCA8C8B1F47F}.Release|Any CPU.Build.0 = Release|Any CPU
		{1D4947E5-58AA-4336-B3FF-E31CE09D44BD}.Debug|Any CPU.ActiveCfg = Debug|Any CPU
		{1D4947E5-58AA-4336-B3FF-E31CE09D44BD}.Debug|Any CPU.Build.0 = Debug|Any CPU
		{1D4947E5-58AA-4336-B3FF-E31CE09D44BD}.Release|Any CPU.ActiveCfg = Release|Any CPU
		{1D4947E5-58AA-4336-B3FF-E31CE09D44BD}.Release|Any CPU.Build.0 = Release|Any CPU
		{723EA276-4106-4897-A5A5-73530B9C6AD4}.Debug|Any CPU.ActiveCfg = Debug|Any CPU
		{723EA276-4106-4897-A5A5-73530B9C6AD4}.Debug|Any CPU.Build.0 = Debug|Any CPU
		{723EA276-4106-4897-A5A5-73530B9C6AD4}.Release|Any CPU.ActiveCfg = Release|Any CPU
		{723EA276-4106-4897-A5A5-73530B9C6AD4}.Release|Any CPU.Build.0 = Release|Any CPU
	EndGlobalSection
	GlobalSection(SolutionProperties) = preSolution
		HideSolutionNode = FALSE
	EndGlobalSection
EndGlobal
